{
  "version": 1,
  "dependencies": {
    ".NETFramework,Version=v4.8": {
      "Meziantou.Analyzer": {
        "type": "Direct",
        "requested": "[3.0.177, )",
        "resolved": "3.0.177",
        "contentHash": "Un9RDShcg4kaNiQtNJvNaRQU5ogcFCB6YLSL2TLx49hmLSU+vd6YixciWxWmoKIOdGvPV27dqHHFIBm8qd5U1Q=="
      },
      "Microsoft.NETFramework.ReferenceAssemblies": {
        "type": "Direct",
        "requested": "[1.0.3, )",
        "resolved": "1.0.3",
        "contentHash": "vUc9Npcs14QsyOD01tnv/m8sQUnGTGOw1BCmKcv77LBJY7OxhJ+zJF7UD/sCL3lYNFuqmQEVlkfS4Quif6FyYg==",
        "dependencies": {
          "Microsoft.NETFramework.ReferenceAssemblies.net48": "1.0.3"
        }
      },
      "Microsoft.NETFramework.ReferenceAssemblies.net48": {
        "type": "Transitive",
        "resolved": "1.0.3",
        "contentHash": "zMk4D+9zyiEWByyQ7oPImPN/Jhpj166Ky0Nlla4eXlNL8hI/BtSJsgR8Inldd4NNpIAH3oh8yym0W2DrhXdSLQ=="
      }
    }
  }
}